
Microsoft Visual Studio Solution File, Format Version 12.00
# Visual Studio 15
VisualStudioVersion = 15.0.28010.2036
MinimumVisualStudioVersion = 10.0.40219.1
Project("{FAE04EC0-301F-11D3-BF4B-00C04F79EFBC}") = "SistemaOrcamento", "SistemaOrcamento\SistemaOrcamento.csproj", "{A151EFE8-3619-44E0-B0E5-0EA817E123B8}"
EndProject
Global
	GlobalSection(SolutionConfigurationPlatforms) = preSolution
		Debug|Any CPU = Debug|Any CPU
		Release|Any CPU = Release|Any CPU
	EndGlobalSection
	GlobalSection(ProjectConfigurationPlatforms) = postSolution
		{A151EFE8-3619-44E0-B0E5-0EA817E123B8}.Debug|Any CPU.ActiveCfg = Debug|Any CPU
		{A151EFE8-3619-44E0-B0E5-0EA817E123B8}.Debug|Any CPU.Build.0 = Debug|Any CPU
		{A151EFE8-3619-44E0-B0E5-0EA817E123B8}.Release|Any CPU.ActiveCfg = Release|Any CPU
		{A151EFE8-3619-44E0-B0E5-0EA817E123B8}.Release|Any CPU.Build.0 = Release|Any CPU
	EndGlobalSection
	GlobalSection(SolutionProperties) = preSolution
		HideSolutionNode = FALSE
	EndGlobalSection
	GlobalSection(ExtensibilityGlobals) = postSolution
		SolutionGuid = {30FBE783-A6C2-4188-A7BA-7F20737AAB87}
	EndGlobalSection
EndGlobal
