
Microsoft Visual Studio Solution File, Format Version 12.00
# Visual Studio 15
VisualStudioVersion = 15.0.28307.329
MinimumVisualStudioVersion = 10.0.40219.1
Project("{FAE04EC0-301F-11D3-BF4B-00C04F79EFBC}") = "Usandonhibernate", "Usandonhibernate\Usandonhibernate.csproj", "{0E314567-C222-40C4-A1E5-656508DFD5E0}"
EndProject
Global
	GlobalSection(SolutionConfigurationPlatforms) = preSolution
		Debug|Any CPU = Debug|Any CPU
		Release|Any CPU = Release|Any CPU
	EndGlobalSection
	GlobalSection(ProjectConfigurationPlatforms) = postSolution
		{0E314567-C222-40C4-A1E5-656508DFD5E0}.Debug|Any CPU.ActiveCfg = Debug|Any CPU
		{0E314567-C222-40C4-A1E5-656508DFD5E0}.Debug|Any CPU.Build.0 = Debug|Any CPU
		{0E314567-C222-40C4-A1E5-656508DFD5E0}.Release|Any CPU.ActiveCfg = Release|Any CPU
		{0E314567-C222-40C4-A1E5-656508DFD5E0}.Release|Any CPU.Build.0 = Release|Any CPU
	EndGlobalSection
	GlobalSection(SolutionProperties) = preSolution
		HideSolutionNode = FALSE
	EndGlobalSection
	GlobalSection(ExtensibilityGlobals) = postSolution
		SolutionGuid = {7BA1092A-2782-4B31-9A63-C8D2F2585B05}
	EndGlobalSection
EndGlobal
